
Microsoft Visual Studio Solution File, Format Version 12.00
# Visual Studio Version 16
VisualStudioVersion = 16.0.30711.63
MinimumVisualStudioVersion = 10.0.40219.1
Project("{FAE04EC0-301F-11D3-BF4B-00C04F79EFBC}") = "Audiobooks", "Audiobooks.csproj", "{0C006ADA-4799-4294-B519-39AC2512EAF1}"
EndProject
Global
	GlobalSection(SolutionConfigurationPlatforms) = preSolution
		Debug|Any CPU = Debug|Any CPU
		Release|Any CPU = Release|Any CPU
	EndGlobalSection
	GlobalSection(ProjectConfigurationPlatforms) = postSolution
		{0C006ADA-4799-4294-B519-39AC2512EAF1}.Debug|Any CPU.ActiveCfg = Debug|Any CPU
		{0C006ADA-4799-4294-B519-39AC2512EAF1}.Debug|Any CPU.Build.0 = Debug|Any CPU
		{0C006ADA-4799-4294-B519-39AC2512EAF1}.Release|Any CPU.ActiveCfg = Release|Any CPU
		{0C006ADA-4799-4294-B519-39AC2512EAF1}.Release|Any CPU.Build.0 = Release|Any CPU
	EndGlobalSection
	GlobalSection(SolutionProperties) = preSolution
		HideSolutionNode = FALSE
	EndGlobalSection
	GlobalSection(ExtensibilityGlobals) = postSolution
		SolutionGuid = {3F5A019A-CD2B-4E86-AA70-C0023CF0149A}
	EndGlobalSection
EndGlobal
